// !$*UTF8*$!
{
	archiveVersion = 1;
	classes = {
	};
	objectVersion = 50;
	objects = {

/* Begin PBXBuildFile section */
		164743A6208DA4D800FEFDA5 /* AppDelegate.swift in Sources */ = {isa = PBXBuildFile; fileRef = 164743A5208DA4D800FEFDA5 /* AppDelegate.swift */; };
		164743A8208DA4D800FEFDA5 /* GameScene.sks in Resources */ = {isa = PBXBuildFile; fileRef = 164743A7208DA4D800FEFDA5 /* GameScene.sks */; };
		164743AA208DA4D800FEFDA5 /* Actions.sks in Resources */ = {isa = PBXBuildFile; fileRef = 164743A9208DA4D800FEFDA5 /* Actions.sks */; };
		164743AC208DA4D800FEFDA5 /* GameScene.swift in Sources */ = {isa = PBXBuildFile; fileRef = 164743AB208DA4D800FEFDA5 /* GameScene.swift */; };
		164743AE208DA4D800FEFDA5 /* GameViewController.swift in Sources */ = {isa = PBXBuildFile; fileRef = 164743AD208DA4D800FEFDA5 /* GameViewController.swift */; };
		164743B1208DA4D800FEFDA5 /* Main.storyboard in Resources */ = {isa = PBXBuildFile; fileRef = 164743AF208DA4D800FEFDA5 /* Main.storyboard */; };
		164743B3208DA4D900FEFDA5 /* Assets.xcassets in Resources */ = {isa = PBXBuildFile; fileRef = 164743B2208DA4D900FEFDA5 /* Assets.xcassets */; };
		164743B6208DA4D900FEFDA5 /* LaunchScreen.storyboard in Resources */ = {isa = PBXBuildFile; fileRef = 164743B4208DA4D900FEFDA5 /* LaunchScreen.storyboard */; };
		164743BE208DE0A500FEFDA5 /* Physics.swift in Sources */ = {isa = PBXBuildFile; fileRef = 164743BD208DE0A500FEFDA5 /* Physics.swift */; };
		164743C0208DEA1600FEFDA5 /* GameModel.swift in Sources */ = {isa = PBXBuildFile; fileRef = 164743BF208DEA1600FEFDA5 /* GameModel.swift */; };
		164743C3208DEB8300FEFDA5 /* Extensions.swift in Sources */ = {isa = PBXBuildFile; fileRef = 164743C2208DEB8300FEFDA5 /* Extensions.swift */; };
/* End PBXBuildFile section */

/* Begin PBXFileReference section */
		164743A2208DA4D700FEFDA5 /* Flappy Bird.app */ = {isa = PBXFileReference; explicitFileType = wrapper.application; includeInIndex = 0; path = "Flappy Bird.app"; sourceTree = BUILT_PRODUCTS_DIR; };
		164743A5208DA4D800FEFDA5 /* AppDelegate.swift */ = {isa = PBXFileReference; lastKnownFileType = sourcecode.swift; path = AppDelegate.swift; sourceTree = "<group>"; };
		164743A7208DA4D800FEFDA5 /* GameScene.sks */ = {isa = PBXFileReference; lastKnownFileType = file.sks; path = GameScene.sks; sourceTree = "<group>"; };
		164743A9208DA4D800FEFDA5 /* Actions.sks */ = {isa = PBXFileReference; lastKnownFileType = file.sks; path = Actions.sks; sourceTree = "<group>"; };
		164743AB208DA4D800FEFDA5 /* GameScene.swift */ = {isa = PBXFileReference; lastKnownFileType = sourcecode.swift; path = GameScene.swift; sourceTree = "<group>"; };
		164743AD208DA4D800FEFDA5 /* GameViewController.swift */ = {isa = PBXFileReference; lastKnownFileType = sourcecode.swift; path = GameViewController.swift; sourceTree = "<group>"; };
		164743B0208DA4D800FEFDA5 /* Base */ = {isa = PBXFileReference; lastKnownFileType = file.storyboard; name = Base; path = Base.lproj/Main.storyboard; sourceTree = "<group>"; };
		164743B2208DA4D900FEFDA5 /* Assets.xcassets */ = {isa = PBXFileReference; lastKnownFileType = folder.assetcatalog; path = Assets.xcassets; sourceTree = "<group>"; };
		164743B5208DA4D900FEFDA5 /* Base */ = {isa = PBXFileReference; lastKnownFileType = file.storyboard; name = Base; path = Base.lproj/LaunchScreen.storyboard; sourceTree = "<group>"; };
		164743B7208DA4D900FEFDA5 /* Info.plist */ = {isa = PBXFileReference; lastKnownFileType = text.plist.xml; path = Info.plist; sourceTree = "<group>"; };
		164743BD208DE0A500FEFDA5 /* Physics.swift */ = {isa = PBXFileReference; lastKnownFileType = sourcecode.swift; path = Physics.swift; sourceTree = "<group>"; };
		164743BF208DEA1600FEFDA5 /* GameModel.swift */ = {isa = PBXFileReference; lastKnownFileType = sourcecode.swift; path = GameModel.swift; sourceTree = "<group>"; };
		164743C2208DEB8300FEFDA5 /* Extensions.swift */ = {isa = PBXFileReference; lastKnownFileType = sourcecode.swift; path = Extensions.swift; sourceTree = "<group>"; };
/* End PBXFileReference section */

/* Begin PBXFrameworksBuildPhase section */
		1647439F208DA4D700FEFDA5 /* Frameworks */ = {
			isa = PBXFrameworksBuildPhase;
			buildActionMask = 2147483647;
			files = (
			);
			runOnlyForDeploymentPostprocessing = 0;
		};
/* End PBXFrameworksBuildPhase section */

/* Begin PBXGroup section */
		16474399208DA4D700FEFDA5 = {
			isa = PBXGroup;
			children = (
				164743A4208DA4D700FEFDA5 /* Flappy Bird */,
			);
			sourceTree = "<group>";
		};
		164743A3208DA4D700FEFDA5 /* Products */ = {
			isa = PBXGroup;
			children = (
				164743A2208DA4D700FEFDA5 /* Flappy Bird.app */,
			);
			name = Products;
			path = ..;
			sourceTree = "<group>";
		};
		164743A4208DA4D700FEFDA5 /* Flappy Bird */ = {
			isa = PBXGroup;
			children = (
				164743A7208DA4D800FEFDA5 /* GameScene.sks */,
				164743A9208DA4D800FEFDA5 /* Actions.sks */,
				164743AB208DA4D800FEFDA5 /* GameScene.swift */,
				164743BD208DE0A500FEFDA5 /* Physics.swift */,
				164743AD208DA4D800FEFDA5 /* GameViewController.swift */,
				164743AF208DA4D800FEFDA5 /* Main.storyboard */,
				164743BF208DEA1600FEFDA5 /* GameModel.swift */,
				164743C2208DEB8300FEFDA5 /* Extensions.swift */,
				164743C1208DEA2E00FEFDA5 /* Supporting files */,
				164743A3208DA4D700FEFDA5 /* Products */,
			);
			path = "Flappy Bird";
			sourceTree = "<group>";
		};
		164743C1208DEA2E00FEFDA5 /* Supporting files */ = {
			isa = PBXGroup;
			children = (
				164743A5208DA4D800FEFDA5 /* AppDelegate.swift */,
				164743B2208DA4D900FEFDA5 /* Assets.xcassets */,
				164743B4208DA4D900FEFDA5 /* LaunchScreen.storyboard */,
				164743B7208DA4D900FEFDA5 /* Info.plist */,
			);
			path = "Supporting files";
			sourceTree = "<group>";
		};
/* End PBXGroup section */

/* Begin PBXNativeTarget section */
		164743A1208DA4D700FEFDA5 /* Flappy Bird */ = {
			isa = PBXNativeTarget;
			buildConfigurationList = 164743BA208DA4D900FEFDA5 /* Build configuration list for PBXNativeTarget "Flappy Bird" */;
			buildPhases = (
				1647439E208DA4D700FEFDA5 /* Sources */,
				1647439F208DA4D700FEFDA5 /* Frameworks */,
				164743A0208DA4D700FEFDA5 /* Resources */,
			);
			buildRules = (
			);
			dependencies = (
			);
			name = "Flappy Bird";
			productName = "Flappy Bird";
			productReference = 164743A2208DA4D700FEFDA5 /* Flappy Bird.app */;
			productType = "com.apple.product-type.application";
		};
/* End PBXNativeTarget section */

/* Begin PBXProject section */
		1647439A208DA4D700FEFDA5 /* Project object */ = {
			isa = PBXProject;
			attributes = {
				LastSwiftUpdateCheck = 0930;
				LastUpgradeCheck = 0930;
				ORGANIZATIONNAME = "Maor Shamsian";
				TargetAttributes = {
					164743A1208DA4D700FEFDA5 = {
						CreatedOnToolsVersion = 9.3;
					};
				};
			};
			buildConfigurationList = 1647439D208DA4D700FEFDA5 /* Build configuration list for PBXProject "Flappy Bird" */;
			compatibilityVersion = "Xcode 9.3";
			developmentRegion = en;
			hasScannedForEncodings = 0;
			knownRegions = (
				en,
				Base,
			);
			mainGroup = 16474399208DA4D700FEFDA5;
			productRefGroup = 164743A3208DA4D700FEFDA5 /* Products */;
			projectDirPath = "";
			projectRoot = "";
			targets = (
				164743A1208DA4D700FEFDA5 /* Flappy Bird */,
			);
		};
/* End PBXProject section */

/* Begin PBXResourcesBuildPhase section */
		164743A0208DA4D700FEFDA5 /* Resources */ = {
			isa = PBXResourcesBuildPhase;
			buildActionMask = 2147483647;
			files = (
				164743B1208DA4D800FEFDA5 /* Main.storyboard in Resources */,
				164743A8208DA4D800FEFDA5 /* GameScene.sks in Resources */,
				164743B3208DA4D900FEFDA5 /* Assets.xcassets in Resources */,
				164743B6208DA4D900FEFDA5 /* LaunchScreen.storyboard in Resources */,
				164743AA208DA4D800FEFDA5 /* Actions.sks in Resources */,
			);
			runOnlyForDeploymentPostprocessing = 0;
		};
/* End PBXResourcesBuildPhase section */

/* Begin PBXSourcesBuildPhase section */
		1647439E208DA4D700FEFDA5 /* Sources */ = {
			isa = PBXSourcesBuildPhase;
			buildActionMask = 2147483647;
			files = (
				164743C0208DEA1600FEFDA5 /* GameModel.swift in Sources */,
				164743C3208DEB8300FEFDA5 /* Extensions.swift in Sources */,
				164743AC208DA4D800FEFDA5 /* GameScene.swift in Sources */,
				164743AE208DA4D800FEFDA5 /* GameViewController.swift in Sources */,
				164743A6208DA4D800FEFDA5 /* AppDelegate.swift in Sources */,
				164743BE208DE0A500FEFDA5 /* Physics.swift in Sources */,
			);
			runOnlyForDeploymentPostprocessing = 0;
		};
/* End PBXSourcesBuildPhase section */

/* Begin PBXVariantGroup section */
		164743AF208DA4D800FEFDA5 /* Main.storyboard */ = {
			isa = PBXVariantGroup;
			children = (
				164743B0208DA4D800FEFDA5 /* Base */,
			);
			name = Main.storyboard;
			sourceTree = "<group>";
		};
		164743B4208DA4D900FEFDA5 /* LaunchScreen.storyboard */ = {
			isa = PBXVariantGroup;
			children = (
				164743B5208DA4D900FEFDA5 /* Base */,
			);
			name = LaunchScreen.storyboard;
			sourceTree = "<group>";
		};
/* End PBXVariantGroup section */

/* Begin XCBuildConfiguration section */
		164743B8208DA4D900FEFDA5 /* Debug */ = {
			isa = XCBuildConfiguration;
			buildSettings = {
				ALWAYS_SEARCH_USER_PATHS = NO;
				CLANG_ANALYZER_NONNULL = YES;
				CLANG_ANALYZER_NUMBER_OBJECT_CONVERSION = YES_AGGRESSIVE;
				CLANG_CXX_LANGUAGE_STANDARD = "gnu++14";
				CLANG_CXX_LIBRARY = "libc++";
				CLANG_ENABLE_MODULES = YES;
				CLANG_ENABLE_OBJC_ARC = YES;
				CLANG_ENABLE_OBJC_WEAK = YES;
				CLANG_WARN_BLOCK_CAPTURE_AUTORELEASING = YES;
				CLANG_WARN_BOOL_CONVERSION = YES;
				CLANG_WARN_COMMA = YES;
				CLANG_WARN_CONSTANT_CONVERSION = YES;
				CLANG_WARN_DEPRECATED_OBJC_IMPLEMENTATIONS = YES;
				CLANG_WARN_DIRECT_OBJC_ISA_USAGE = YES_ERROR;
				CLANG_WARN_DOCUMENTATION_COMMENTS = YES;
				CLANG_WARN_EMPTY_BODY = YES;
				CLANG_WARN_ENUM_CONVERSION = YES;
				CLANG_WARN_INFINITE_RECURSION = YES;
				CLANG_WARN_INT_CONVERSION = YES;
				CLANG_WARN_NON_LITERAL_NULL_CONVERSION = YES;
				CLANG_WARN_OBJC_IMPLICIT_RETAIN_SELF = YES;
				CLANG_WARN_OBJC_LITERAL_CONVERSION = YES;
				CLANG_WARN_OBJC_ROOT_CLASS = YES_ERROR;
				CLANG_WARN_RANGE_LOOP_ANALYSIS = YES;
				CLANG_WARN_STRICT_PROTOTYPES = YES;
				CLANG_WARN_SUSPICIOUS_MOVE = YES;
				CLANG_WARN_UNGUARDED_AVAILABILITY = YES_AGGRESSIVE;
				CLANG_WARN_UNREACHABLE_CODE = YES;
				CLANG_WARN__DUPLICATE_METHOD_MATCH = YES;
				CODE_SIGN_IDENTITY = "iPhone Developer";
				COPY_PHASE_STRIP = NO;
				DEBUG_INFORMATION_FORMAT = dwarf;
				ENABLE_STRICT_OBJC_MSGSEND = YES;
				ENABLE_TESTABILITY = YES;
				GCC_C_LANGUAGE_STANDARD = gnu11;
				GCC_DYNAMIC_NO_PIC = NO;
				GCC_NO_COMMON_BLOCKS = YES;
				GCC_OPTIMIZATION_LEVEL = 0;
				GCC_PREPROCESSOR_DEFINITIONS = (
					"DEBUG=1",
					"$(inherited)",
				);
				GCC_WARN_64_TO_32_BIT_CONVERSION = YES;
				GCC_WARN_ABOUT_RETURN_TYPE = YES_ERROR;
				GCC_WARN_UNDECLARED_SELECTOR = YES;
				GCC_WARN_UNINITIALIZED_AUTOS = YES_AGGRESSIVE;
				GCC_WARN_UNUSED_FUNCTION = YES;
				GCC_WARN_UNUSED_VARIABLE = YES;
				IPHONEOS_DEPLOYMENT_TARGET = 11.3;
				MTL_ENABLE_DEBUG_INFO = YES;
				ONLY_ACTIVE_ARCH = YES;
				SDKROOT = iphoneos;
				SWIFT_ACTIVE_COMPILATION_CONDITIONS = DEBUG;
				SWIFT_OPTIMIZATION_LEVEL = "-Onone";
			};
			name = Debug;
		};
		164743B9208DA4D900FEFDA5 /* Release */ = {
			isa = XCBuildConfiguration;
			buildSettings = {
				ALWAYS_SEARCH_USER_PATHS = NO;
				CLANG_ANALYZER_NONNULL = YES;
				CLANG_ANALYZER_NUMBER_OBJECT_CONVERSION = YES_AGGRESSIVE;
				CLANG_CXX_LANGUAGE_STANDARD = "gnu++14";
				CLANG_CXX_LIBRARY = "libc++";
				CLANG_ENABLE_MODULES = YES;
				CLANG_ENABLE_OBJC_ARC = YES;
				CLANG_ENABLE_OBJC_WEAK = YES;
				CLANG_WARN_BLOCK_CAPTURE_AUTORELEASING = YES;
				CLANG_WARN_BOOL_CONVERSION = YES;
				CLANG_WARN_COMMA = YES;
				CLANG_WARN_CONSTANT_CONVERSION = YES;
				CLANG_WARN_DEPRECATED_OBJC_IMPLEMENTATIONS = YES;
				CLANG_WARN_DIRECT_OBJC_ISA_USAGE = YES_ERROR;
				CLANG_WARN_DOCUMENTATION_COMMENTS = YES;
				CLANG_WARN_EMPTY_BODY = YES;
				CLANG_WARN_ENUM_CONVERSION = YES;
				CLANG_WARN_INFINITE_RECURSION = YES;
				CLANG_WARN_INT_CONVERSION = YES;
				CLANG_WARN_NON_LITERAL_NULL_CONVERSION = YES;
				CLANG_WARN_OBJC_IMPLICIT_RETAIN_SELF = YES;
				CLANG_WARN_OBJC_LITERAL_CONVERSION = YES;
				CLANG_WARN_OBJC_ROOT_CLASS = YES_ERROR;
				CLANG_WARN_RANGE_LOOP_ANALYSIS = YES;
				CLANG_WARN_STRICT_PROTOTYPES = YES;
				CLANG_WARN_SUSPICIOUS_MOVE = YES;
				CLANG_WARN_UNGUARDED_AVAILABILITY = YES_AGGRESSIVE;
				CLANG_WARN_UNREACHABLE_CODE = YES;
				CLANG_WARN__DUPLICATE_METHOD_MATCH = YES;
				CODE_SIGN_IDENTITY = "iPhone Developer";
				COPY_PHASE_STRIP = NO;
				DEBUG_INFORMATION_FORMAT = "dwarf-with-dsym";
				ENABLE_NS_ASSERTIONS = NO;
				ENABLE_STRICT_OBJC_MSGSEND = YES;
				GCC_C_LANGUAGE_STANDARD = gnu11;
				GCC_NO_COMMON_BLOCKS = YES;
				GCC_WARN_64_TO_32_BIT_CONVERSION = YES;
				GCC_WARN_ABOUT_RETURN_TYPE = YES_ERROR;
				GCC_WARN_UNDECLARED_SELECTOR = YES;
				GCC_WARN_UNINITIALIZED_AUTOS = YES_AGGRESSIVE;
				GCC_WARN_UNUSED_FUNCTION = YES;
				GCC_WARN_UNUSED_VARIABLE = YES;
				IPHONEOS_DEPLOYMENT_TARGET = 11.3;
				MTL_ENABLE_DEBUG_INFO = NO;
				SDKROOT = iphoneos;
				SWIFT_COMPILATION_MODE = wholemodule;
				SWIFT_OPTIMIZATION_LEVEL = "-O";
				VALIDATE_PRODUCT = YES;
			};
			name = Release;
		};
		164743BB208DA4D900FEFDA5 /* Debug */ = {
			isa = XCBuildConfiguration;
			buildSettings = {
				ASSETCATALOG_COMPILER_APPICON_NAME = AppIcon;
				CODE_SIGN_STYLE = Automatic;
				DEVELOPMENT_TEAM = FPKJ9P7BGC;
				INFOPLIST_FILE = "$(SRCROOT)/Flappy Bird/Supporting files/Info.plist";
				IPHONEOS_DEPLOYMENT_TARGET = 10.0;
				LD_RUNPATH_SEARCH_PATHS = (
					"$(inherited)",
					"@executable_path/Frameworks",
				);
				PRODUCT_BUNDLE_IDENTIFIER = "Maor-Shamsian.Flappy-Bird";
				PRODUCT_NAME = "$(TARGET_NAME)";
				SWIFT_VERSION = 4.0;
				TARGETED_DEVICE_FAMILY = "1,2";
			};
			name = Debug;
		};
		164743BC208DA4D900FEFDA5 /* Release */ = {
			isa = XCBuildConfiguration;
			buildSettings = {
				ASSETCATALOG_COMPILER_APPICON_NAME = AppIcon;
				CODE_SIGN_STYLE = Automatic;
				DEVELOPMENT_TEAM = FPKJ9P7BGC;
				INFOPLIST_FILE = "$(SRCROOT)/Flappy Bird/Supporting files/Info.plist";
				IPHONEOS_DEPLOYMENT_TARGET = 10.0;
				LD_RUNPATH_SEARCH_PATHS = (
					"$(inherited)",
					"@executable_path/Frameworks",
				);
				PRODUCT_BUNDLE_IDENTIFIER = "Maor-Shamsian.Flappy-Bird";
				PRODUCT_NAME = "$(TARGET_NAME)";
				SWIFT_VERSION = 4.0;
				TARGETED_DEVICE_FAMILY = "1,2";
			};
			name = Release;
		};
/* End XCBuildConfiguration section */

/* Begin XCConfigurationList section */
		1647439D208DA4D700FEFDA5 /* Build configuration list for PBXProject "Flappy Bird" */ = {
			isa = XCConfigurationList;
			buildConfigurations = (
				164743B8208DA4D900FEFDA5 /* Debug */,
				164743B9208DA4D900FEFDA5 /* Release */,
			);
			defaultConfigurationIsVisible = 0;
			defaultConfigurationName = Release;
		};
		164743BA208DA4D900FEFDA5 /* Build configuration list for PBXNativeTarget "Flappy Bird" */ = {
			isa = XCConfigurationList;
			buildConfigurations = (
				164743BB208DA4D900FEFDA5 /* Debug */,
				164743BC208DA4D900FEFDA5 /* Release */,
			);
			defaultConfigurationIsVisible = 0;
			defaultConfigurationName = Release;
		};
/* End XCConfigurationList section */
	};
	rootObject = 1647439A208DA4D700FEFDA5 /* Project object */;
}
